
Microsoft Visual Studio Solution File, Format Version 12.00
# Visual Studio 15
VisualStudioVersion = 15.0.26124.0
MinimumVisualStudioVersion = 15.0.26124.0
Project("{FAE04EC0-301F-11D3-BF4B-00C04F79EFBC}") = "vies", "vies\vies.csproj", "{2CCE3F29-85F8-4AA9-934A-793F8F985A4C}"
EndProject
Project("{FAE04EC0-301F-11D3-BF4B-00C04F79EFBC}") = "vies-test", "vies-test\vies-test.csproj", "{CFA8248F-A0E3-4F77-B249-00096916AE38}"
EndProject
Global
	GlobalSection(SolutionConfigurationPlatforms) = preSolution
		Debug|Any CPU = Debug|Any CPU
		Debug|x64 = Debug|x64
		Debug|x86 = Debug|x86
		Release|Any CPU = Release|Any CPU
		Release|x64 = Release|x64
		Release|x86 = Release|x86
	EndGlobalSection
	GlobalSection(SolutionProperties) = preSolution
		HideSolutionNode = FALSE
	EndGlobalSection
	GlobalSection(ProjectConfigurationPlatforms) = postSolution
		{2CCE3F29-85F8-4AA9-934A-793F8F985A4C}.Debug|Any CPU.ActiveCfg = Debug|Any CPU
		{2CCE3F29-85F8-4AA9-934A-793F8F985A4C}.Debug|Any CPU.Build.0 = Debug|Any CPU
		{2CCE3F29-85F8-4AA9-934A-793F8F985A4C}.Debug|x64.ActiveCfg = Debug|x64
		{2CCE3F29-85F8-4AA9-934A-793F8F985A4C}.Debug|x64.Build.0 = Debug|x64
		{2CCE3F29-85F8-4AA9-934A-793F8F985A4C}.Debug|x86.ActiveCfg = Debug|x86
		{2CCE3F29-85F8-4AA9-934A-793F8F985A4C}.Debug|x86.Build.0 = Debug|x86
		{2CCE3F29-85F8-4AA9-934A-793F8F985A4C}.Release|Any CPU.ActiveCfg = Release|Any CPU
		{2CCE3F29-85F8-4AA9-934A-793F8F985A4C}.Release|Any CPU.Build.0 = Release|Any CPU
		{2CCE3F29-85F8-4AA9-934A-793F8F985A4C}.Release|x64.ActiveCfg = Release|x64
		{2CCE3F29-85F8-4AA9-934A-793F8F985A4C}.Release|x64.Build.0 = Release|x64
		{2CCE3F29-85F8-4AA9-934A-793F8F985A4C}.Release|x86.ActiveCfg = Release|x86
		{2CCE3F29-85F8-4AA9-934A-793F8F985A4C}.Release|x86.Build.0 = Release|x86
		{CFA8248F-A0E3-4F77-B249-00096916AE38}.Debug|Any CPU.ActiveCfg = Debug|Any CPU
		{CFA8248F-A0E3-4F77-B249-00096916AE38}.Debug|Any CPU.Build.0 = Debug|Any CPU
		{CFA8248F-A0E3-4F77-B249-00096916AE38}.Debug|x64.ActiveCfg = Debug|x64
		{CFA8248F-A0E3-4F77-B249-00096916AE38}.Debug|x64.Build.0 = Debug|x64
		{CFA8248F-A0E3-4F77-B249-00096916AE38}.Debug|x86.ActiveCfg = Debug|x86
		{CFA8248F-A0E3-4F77-B249-00096916AE38}.Debug|x86.Build.0 = Debug|x86
		{CFA8248F-A0E3-4F77-B249-00096916AE38}.Release|Any CPU.ActiveCfg = Release|Any CPU
		{CFA8248F-A0E3-4F77-B249-00096916AE38}.Release|Any CPU.Build.0 = Release|Any CPU
		{CFA8248F-A0E3-4F77-B249-00096916AE38}.Release|x64.ActiveCfg = Release|x64
		{CFA8248F-A0E3-4F77-B249-00096916AE38}.Release|x64.Build.0 = Release|x64
		{CFA8248F-A0E3-4F77-B249-00096916AE38}.Release|x86.ActiveCfg = Release|x86
		{CFA8248F-A0E3-4F77-B249-00096916AE38}.Release|x86.Build.0 = Release|x86
	EndGlobalSection
EndGlobal
