<Solution>
  <Configurations>
    <Platform Name="Any CPU" />
    <Platform Name="x64" />
    <Platform Name="x86" />
  </Configurations>
  <Folder Name="/Solution Items/">
    <File Path=".editorconfig" />
    <File Path=".github/workflows/build.yml" />
    <File Path=".github/workflows/pack.yml" />
    <File Path=".gitignore" />
    <File Path="appveyor.yml" />
    <File Path="build.cake" />
    <File Path="build.ps1" />
    <File Path="build.sh" />
    <File Path="CHANGELOG.md" />
    <File Path="Directory.Build.props" />
    <File Path="Directory.Packages.props" />
    <File Path="global.json" />
    <File Path="LICENSE" />
    <File Path="NuGet.Config" />
    <File Path="README.md" />
  </Folder>
  <Project Path="src/vies-dotnet-api/vies-dotnet-api.csproj" />
  <Project Path="tests/vies-dotnet-api-test/vies-dotnet-api-test.csproj" />
</Solution>
